// !$*UTF8*$!
{
	archiveVersion = 1;
	classes = {
	};
	objectVersion = 50;
	objects = {

/* Begin PBXBuildFile section */
		0A04ED2022856B7300DC3933 /* AppDelegate.swift in Sources */ = {isa = PBXBuildFile; fileRef = 0A04ED1F22856B7300DC3933 /* AppDelegate.swift */; };
		0A04ED2522856B7300DC3933 /* Main.storyboard in Resources */ = {isa = PBXBuildFile; fileRef = 0A04ED2322856B7300DC3933 /* Main.storyboard */; };
		0A04ED2722856B7400DC3933 /* Assets.xcassets in Resources */ = {isa = PBXBuildFile; fileRef = 0A04ED2622856B7400DC3933 /* Assets.xcassets */; };
		0A04ED2A22856B7400DC3933 /* LaunchScreen.storyboard in Resources */ = {isa = PBXBuildFile; fileRef = 0A04ED2822856B7400DC3933 /* LaunchScreen.storyboard */; };
		0A04ED3522856B7400DC3933 /* DYZBTests.swift in Sources */ = {isa = PBXBuildFile; fileRef = 0A04ED3422856B7400DC3933 /* DYZBTests.swift */; };
		0A04ED4022856B7400DC3933 /* DYZBUITests.swift in Sources */ = {isa = PBXBuildFile; fileRef = 0A04ED3F22856B7400DC3933 /* DYZBUITests.swift */; };
/* End PBXBuildFile section */

/* Begin PBXContainerItemProxy section */
		0A04ED3122856B7400DC3933 /* PBXContainerItemProxy */ = {
			isa = PBXContainerItemProxy;
			containerPortal = 0A04ED1422856B7300DC3933 /* Project object */;
			proxyType = 1;
			remoteGlobalIDString = 0A04ED1B22856B7300DC3933;
			remoteInfo = DYZB;
		};
		0A04ED3C22856B7400DC3933 /* PBXContainerItemProxy */ = {
			isa = PBXContainerItemProxy;
			containerPortal = 0A04ED1422856B7300DC3933 /* Project object */;
			proxyType = 1;
			remoteGlobalIDString = 0A04ED1B22856B7300DC3933;
			remoteInfo = DYZB;
		};
/* End PBXContainerItemProxy section */

/* Begin PBXFileReference section */
		0A04ED1C22856B7300DC3933 /* DYZB.app */ = {isa = PBXFileReference; explicitFileType = wrapper.application; includeInIndex = 0; path = DYZB.app; sourceTree = BUILT_PRODUCTS_DIR; };
		0A04ED1F22856B7300DC3933 /* AppDelegate.swift */ = {isa = PBXFileReference; lastKnownFileType = sourcecode.swift; path = AppDelegate.swift; sourceTree = "<group>"; };
		0A04ED2422856B7300DC3933 /* Base */ = {isa = PBXFileReference; lastKnownFileType = file.storyboard; name = Base; path = Base.lproj/Main.storyboard; sourceTree = "<group>"; };
		0A04ED2622856B7400DC3933 /* Assets.xcassets */ = {isa = PBXFileReference; lastKnownFileType = folder.assetcatalog; path = Assets.xcassets; sourceTree = "<group>"; };
		0A04ED2922856B7400DC3933 /* Base */ = {isa = PBXFileReference; lastKnownFileType = file.storyboard; name = Base; path = Base.lproj/LaunchScreen.storyboard; sourceTree = "<group>"; };
		0A04ED2B22856B7400DC3933 /* Info.plist */ = {isa = PBXFileReference; lastKnownFileType = text.plist.xml; path = Info.plist; sourceTree = "<group>"; };
		0A04ED3022856B7400DC3933 /* DYZBTests.xctest */ = {isa = PBXFileReference; explicitFileType = wrapper.cfbundle; includeInIndex = 0; path = DYZBTests.xctest; sourceTree = BUILT_PRODUCTS_DIR; };
		0A04ED3422856B7400DC3933 /* DYZBTests.swift */ = {isa = PBXFileReference; lastKnownFileType = sourcecode.swift; path = DYZBTests.swift; sourceTree = "<group>"; };
		0A04ED3622856B7400DC3933 /* Info.plist */ = {isa = PBXFileReference; lastKnownFileType = text.plist.xml; path = Info.plist; sourceTree = "<group>"; };
		0A04ED3B22856B7400DC3933 /* DYZBUITests.xctest */ = {isa = PBXFileReference; explicitFileType = wrapper.cfbundle; includeInIndex = 0; path = DYZBUITests.xctest; sourceTree = BUILT_PRODUCTS_DIR; };
		0A04ED3F22856B7400DC3933 /* DYZBUITests.swift */ = {isa = PBXFileReference; lastKnownFileType = sourcecode.swift; path = DYZBUITests.swift; sourceTree = "<group>"; };
		0A04ED4122856B7400DC3933 /* Info.plist */ = {isa = PBXFileReference; lastKnownFileType = text.plist.xml; path = Info.plist; sourceTree = "<group>"; };
/* End PBXFileReference section */

/* Begin PBXFrameworksBuildPhase section */
		0A04ED1922856B7300DC3933 /* Frameworks */ = {
			isa = PBXFrameworksBuildPhase;
			buildActionMask = 2147483647;
			files = (
			);
			runOnlyForDeploymentPostprocessing = 0;
		};
		0A04ED2D22856B7400DC3933 /* Frameworks */ = {
			isa = PBXFrameworksBuildPhase;
			buildActionMask = 2147483647;
			files = (
			);
			runOnlyForDeploymentPostprocessing = 0;
		};
		0A04ED3822856B7400DC3933 /* Frameworks */ = {
			isa = PBXFrameworksBuildPhase;
			buildActionMask = 2147483647;
			files = (
			);
			runOnlyForDeploymentPostprocessing = 0;
		};
/* End PBXFrameworksBuildPhase section */

/* Begin PBXGroup section */
		0A04ED1322856B7300DC3933 = {
			isa = PBXGroup;
			children = (
				0A04ED1E22856B7300DC3933 /* DYZB */,
				0A04ED3322856B7400DC3933 /* DYZBTests */,
				0A04ED3E22856B7400DC3933 /* DYZBUITests */,
				0A04ED1D22856B7300DC3933 /* Products */,
			);
			sourceTree = "<group>";
		};
		0A04ED1D22856B7300DC3933 /* Products */ = {
			isa = PBXGroup;
			children = (
				0A04ED1C22856B7300DC3933 /* DYZB.app */,
				0A04ED3022856B7400DC3933 /* DYZBTests.xctest */,
				0A04ED3B22856B7400DC3933 /* DYZBUITests.xctest */,
			);
			name = Products;
			sourceTree = "<group>";
		};
		0A04ED1E22856B7300DC3933 /* DYZB */ = {
			isa = PBXGroup;
			children = (
				0A04EDBB22856FA500DC3933 /* classes */,
				0A04ED1F22856B7300DC3933 /* AppDelegate.swift */,
				0A04ED2322856B7300DC3933 /* Main.storyboard */,
				0A04ED2622856B7400DC3933 /* Assets.xcassets */,
				0A04ED2822856B7400DC3933 /* LaunchScreen.storyboard */,
				0A04ED2B22856B7400DC3933 /* Info.plist */,
			);
			path = DYZB;
			sourceTree = "<group>";
		};
		0A04ED3322856B7400DC3933 /* DYZBTests */ = {
			isa = PBXGroup;
			children = (
				0A04ED3422856B7400DC3933 /* DYZBTests.swift */,
				0A04ED3622856B7400DC3933 /* Info.plist */,
			);
			path = DYZBTests;
			sourceTree = "<group>";
		};
		0A04ED3E22856B7400DC3933 /* DYZBUITests */ = {
			isa = PBXGroup;
			children = (
				0A04ED3F22856B7400DC3933 /* DYZBUITests.swift */,
				0A04ED4122856B7400DC3933 /* Info.plist */,
			);
			path = DYZBUITests;
			sourceTree = "<group>";
		};
		0A04EDBB22856FA500DC3933 /* classes */ = {
			isa = PBXGroup;
			children = (
				0A04EDC122856FA500DC3933 /* Main */,
				0A04EDBC22856FA500DC3933 /* Home */,
				0A04EDBE22856FA500DC3933 /* Follow */,
				0A04EDC022856FA500DC3933 /* Live */,
				0A04EDBF22856FA500DC3933 /* Profile */,
				0A04EDBD22856FA500DC3933 /* Tools */,
			);
			path = classes;
			sourceTree = "<group>";
		};
		0A04EDBC22856FA500DC3933 /* Home */ = {
			isa = PBXGroup;
			children = (
			);
			path = Home;
			sourceTree = "<group>";
		};
		0A04EDBD22856FA500DC3933 /* Tools */ = {
			isa = PBXGroup;
			children = (
			);
			path = Tools;
			sourceTree = "<group>";
		};
		0A04EDBE22856FA500DC3933 /* Follow */ = {
			isa = PBXGroup;
			children = (
			);
			path = Follow;
			sourceTree = "<group>";
		};
		0A04EDBF22856FA500DC3933 /* Profile */ = {
			isa = PBXGroup;
			children = (
			);
			path = Profile;
			sourceTree = "<group>";
		};
		0A04EDC022856FA500DC3933 /* Live */ = {
			isa = PBXGroup;
			children = (
			);
			path = Live;
			sourceTree = "<group>";
		};
		0A04EDC122856FA500DC3933 /* Main */ = {
			isa = PBXGroup;
			children = (
			);
			path = Main;
			sourceTree = "<group>";
		};
/* End PBXGroup section */

/* Begin PBXNativeTarget section */
		0A04ED1B22856B7300DC3933 /* DYZB */ = {
			isa = PBXNativeTarget;
			buildConfigurationList = 0A04ED4422856B7400DC3933 /* Build configuration list for PBXNativeTarget "DYZB" */;
			buildPhases = (
				0A04ED1822856B7300DC3933 /* Sources */,
				0A04ED1922856B7300DC3933 /* Frameworks */,
				0A04ED1A22856B7300DC3933 /* Resources */,
			);
			buildRules = (
			);
			dependencies = (
			);
			name = DYZB;
			productName = DYZB;
			productReference = 0A04ED1C22856B7300DC3933 /* DYZB.app */;
			productType = "com.apple.product-type.application";
		};
		0A04ED2F22856B7400DC3933 /* DYZBTests */ = {
			isa = PBXNativeTarget;
			buildConfigurationList = 0A04ED4722856B7400DC3933 /* Build configuration list for PBXNativeTarget "DYZBTests" */;
			buildPhases = (
				0A04ED2C22856B7400DC3933 /* Sources */,
				0A04ED2D22856B7400DC3933 /* Frameworks */,
				0A04ED2E22856B7400DC3933 /* Resources */,
			);
			buildRules = (
			);
			dependencies = (
				0A04ED3222856B7400DC3933 /* PBXTargetDependency */,
			);
			name = DYZBTests;
			productName = DYZBTests;
			productReference = 0A04ED3022856B7400DC3933 /* DYZBTests.xctest */;
			productType = "com.apple.product-type.bundle.unit-test";
		};
		0A04ED3A22856B7400DC3933 /* DYZBUITests */ = {
			isa = PBXNativeTarget;
			buildConfigurationList = 0A04ED4A22856B7400DC3933 /* Build configuration list for PBXNativeTarget "DYZBUITests" */;
			buildPhases = (
				0A04ED3722856B7400DC3933 /* Sources */,
				0A04ED3822856B7400DC3933 /* Frameworks */,
				0A04ED3922856B7400DC3933 /* Resources */,
			);
			buildRules = (
			);
			dependencies = (
				0A04ED3D22856B7400DC3933 /* PBXTargetDependency */,
			);
			name = DYZBUITests;
			productName = DYZBUITests;
			productReference = 0A04ED3B22856B7400DC3933 /* DYZBUITests.xctest */;
			productType = "com.apple.product-type.bundle.ui-testing";
		};
/* End PBXNativeTarget section */

/* Begin PBXProject section */
		0A04ED1422856B7300DC3933 /* Project object */ = {
			isa = PBXProject;
			attributes = {
				LastSwiftUpdateCheck = 1020;
				LastUpgradeCheck = 1020;
				ORGANIZATIONNAME = "蔡劭文";
				TargetAttributes = {
					0A04ED1B22856B7300DC3933 = {
						CreatedOnToolsVersion = 10.2.1;
					};
					0A04ED2F22856B7400DC3933 = {
						CreatedOnToolsVersion = 10.2.1;
						TestTargetID = 0A04ED1B22856B7300DC3933;
					};
					0A04ED3A22856B7400DC3933 = {
						CreatedOnToolsVersion = 10.2.1;
						TestTargetID = 0A04ED1B22856B7300DC3933;
					};
				};
			};
			buildConfigurationList = 0A04ED1722856B7300DC3933 /* Build configuration list for PBXProject "DYZB" */;
			compatibilityVersion = "Xcode 9.3";
			developmentRegion = en;
			hasScannedForEncodings = 0;
			knownRegions = (
				en,
				Base,
			);
			mainGroup = 0A04ED1322856B7300DC3933;
			productRefGroup = 0A04ED1D22856B7300DC3933 /* Products */;
			projectDirPath = "";
			projectRoot = "";
			targets = (
				0A04ED1B22856B7300DC3933 /* DYZB */,
				0A04ED2F22856B7400DC3933 /* DYZBTests */,
				0A04ED3A22856B7400DC3933 /* DYZBUITests */,
			);
		};
/* End PBXProject section */

/* Begin PBXResourcesBuildPhase section */
		0A04ED1A22856B7300DC3933 /* Resources */ = {
			isa = PBXResourcesBuildPhase;
			buildActionMask = 2147483647;
			files = (
				0A04ED2A22856B7400DC3933 /* LaunchScreen.storyboard in Resources */,
				0A04ED2722856B7400DC3933 /* Assets.xcassets in Resources */,
				0A04ED2522856B7300DC3933 /* Main.storyboard in Resources */,
			);
			runOnlyForDeploymentPostprocessing = 0;
		};
		0A04ED2E22856B7400DC3933 /* Resources */ = {
			isa = PBXResourcesBuildPhase;
			buildActionMask = 2147483647;
			files = (
			);
			runOnlyForDeploymentPostprocessing = 0;
		};
		0A04ED3922856B7400DC3933 /* Resources */ = {
			isa = PBXResourcesBuildPhase;
			buildActionMask = 2147483647;
			files = (
			);
			runOnlyForDeploymentPostprocessing = 0;
		};
/* End PBXResourcesBuildPhase section */

/* Begin PBXSourcesBuildPhase section */
		0A04ED1822856B7300DC3933 /* Sources */ = {
			isa = PBXSourcesBuildPhase;
			buildActionMask = 2147483647;
			files = (
				0A04ED2022856B7300DC3933 /* AppDelegate.swift in Sources */,
			);
			runOnlyForDeploymentPostprocessing = 0;
		};
		0A04ED2C22856B7400DC3933 /* Sources */ = {
			isa = PBXSourcesBuildPhase;
			buildActionMask = 2147483647;
			files = (
				0A04ED3522856B7400DC3933 /* DYZBTests.swift in Sources */,
			);
			runOnlyForDeploymentPostprocessing = 0;
		};
		0A04ED3722856B7400DC3933 /* Sources */ = {
			isa = PBXSourcesBuildPhase;
			buildActionMask = 2147483647;
			files = (
				0A04ED4022856B7400DC3933 /* DYZBUITests.swift in Sources */,
			);
			runOnlyForDeploymentPostprocessing = 0;
		};
/* End PBXSourcesBuildPhase section */

/* Begin PBXTargetDependency section */
		0A04ED3222856B7400DC3933 /* PBXTargetDependency */ = {
			isa = PBXTargetDependency;
			target = 0A04ED1B22856B7300DC3933 /* DYZB */;
			targetProxy = 0A04ED3122856B7400DC3933 /* PBXContainerItemProxy */;
		};
		0A04ED3D22856B7400DC3933 /* PBXTargetDependency */ = {
			isa = PBXTargetDependency;
			target = 0A04ED1B22856B7300DC3933 /* DYZB */;
			targetProxy = 0A04ED3C22856B7400DC3933 /* PBXContainerItemProxy */;
		};
/* End PBXTargetDependency section */

/* Begin PBXVariantGroup section */
		0A04ED2322856B7300DC3933 /* Main.storyboard */ = {
			isa = PBXVariantGroup;
			children = (
				0A04ED2422856B7300DC3933 /* Base */,
			);
			name = Main.storyboard;
			sourceTree = "<group>";
		};
		0A04ED2822856B7400DC3933 /* LaunchScreen.storyboard */ = {
			isa = PBXVariantGroup;
			children = (
				0A04ED2922856B7400DC3933 /* Base */,
			);
			name = LaunchScreen.storyboard;
			sourceTree = "<group>";
		};
/* End PBXVariantGroup section */

/* Begin XCBuildConfiguration section */
		0A04ED4222856B7400DC3933 /* Debug */ = {
			isa = XCBuildConfiguration;
			buildSettings = {
				ALWAYS_SEARCH_USER_PATHS = NO;
				CLANG_ANALYZER_NONNULL = YES;
				CLANG_ANALYZER_NUMBER_OBJECT_CONVERSION = YES_AGGRESSIVE;
				CLANG_CXX_LANGUAGE_STANDARD = "gnu++14";
				CLANG_CXX_LIBRARY = "libc++";
				CLANG_ENABLE_MODULES = YES;
				CLANG_ENABLE_OBJC_ARC = YES;
				CLANG_ENABLE_OBJC_WEAK = YES;
				CLANG_WARN_BLOCK_CAPTURE_AUTORELEASING = YES;
				CLANG_WARN_BOOL_CONVERSION = YES;
				CLANG_WARN_COMMA = YES;
				CLANG_WARN_CONSTANT_CONVERSION = YES;
				CLANG_WARN_DEPRECATED_OBJC_IMPLEMENTATIONS = YES;
				CLANG_WARN_DIRECT_OBJC_ISA_USAGE = YES_ERROR;
				CLANG_WARN_DOCUMENTATION_COMMENTS = YES;
				CLANG_WARN_EMPTY_BODY = YES;
				CLANG_WARN_ENUM_CONVERSION = YES;
				CLANG_WARN_INFINITE_RECURSION = YES;
				CLANG_WARN_INT_CONVERSION = YES;
				CLANG_WARN_NON_LITERAL_NULL_CONVERSION = YES;
				CLANG_WARN_OBJC_IMPLICIT_RETAIN_SELF = YES;
				CLANG_WARN_OBJC_LITERAL_CONVERSION = YES;
				CLANG_WARN_OBJC_ROOT_CLASS = YES_ERROR;
				CLANG_WARN_RANGE_LOOP_ANALYSIS = YES;
				CLANG_WARN_STRICT_PROTOTYPES = YES;
				CLANG_WARN_SUSPICIOUS_MOVE = YES;
				CLANG_WARN_UNGUARDED_AVAILABILITY = YES_AGGRESSIVE;
				CLANG_WARN_UNREACHABLE_CODE = YES;
				CLANG_WARN__DUPLICATE_METHOD_MATCH = YES;
				CODE_SIGN_IDENTITY = "iPhone Developer";
				COPY_PHASE_STRIP = NO;
				DEBUG_INFORMATION_FORMAT = dwarf;
				ENABLE_STRICT_OBJC_MSGSEND = YES;
				ENABLE_TESTABILITY = YES;
				GCC_C_LANGUAGE_STANDARD = gnu11;
				GCC_DYNAMIC_NO_PIC = NO;
				GCC_NO_COMMON_BLOCKS = YES;
				GCC_OPTIMIZATION_LEVEL = 0;
				GCC_PREPROCESSOR_DEFINITIONS = (
					"DEBUG=1",
					"$(inherited)",
				);
				GCC_WARN_64_TO_32_BIT_CONVERSION = YES;
				GCC_WARN_ABOUT_RETURN_TYPE = YES_ERROR;
				GCC_WARN_UNDECLARED_SELECTOR = YES;
				GCC_WARN_UNINITIALIZED_AUTOS = YES_AGGRESSIVE;
				GCC_WARN_UNUSED_FUNCTION = YES;
				GCC_WARN_UNUSED_VARIABLE = YES;
				IPHONEOS_DEPLOYMENT_TARGET = 12.2;
				MTL_ENABLE_DEBUG_INFO = INCLUDE_SOURCE;
				MTL_FAST_MATH = YES;
				ONLY_ACTIVE_ARCH = YES;
				SDKROOT = iphoneos;
				SWIFT_ACTIVE_COMPILATION_CONDITIONS = DEBUG;
				SWIFT_OPTIMIZATION_LEVEL = "-Onone";
			};
			name = Debug;
		};
		0A04ED4322856B7400DC3933 /* Release */ = {
			isa = XCBuildConfiguration;
			buildSettings = {
				ALWAYS_SEARCH_USER_PATHS = NO;
				CLANG_ANALYZER_NONNULL = YES;
				CLANG_ANALYZER_NUMBER_OBJECT_CONVERSION = YES_AGGRESSIVE;
				CLANG_CXX_LANGUAGE_STANDARD = "gnu++14";
				CLANG_CXX_LIBRARY = "libc++";
				CLANG_ENABLE_MODULES = YES;
				CLANG_ENABLE_OBJC_ARC = YES;
				CLANG_ENABLE_OBJC_WEAK = YES;
				CLANG_WARN_BLOCK_CAPTURE_AUTORELEASING = YES;
				CLANG_WARN_BOOL_CONVERSION = YES;
				CLANG_WARN_COMMA = YES;
				CLANG_WARN_CONSTANT_CONVERSION = YES;
				CLANG_WARN_DEPRECATED_OBJC_IMPLEMENTATIONS = YES;
				CLANG_WARN_DIRECT_OBJC_ISA_USAGE = YES_ERROR;
				CLANG_WARN_DOCUMENTATION_COMMENTS = YES;
				CLANG_WARN_EMPTY_BODY = YES;
				CLANG_WARN_ENUM_CONVERSION = YES;
				CLANG_WARN_INFINITE_RECURSION = YES;
				CLANG_WARN_INT_CONVERSION = YES;
				CLANG_WARN_NON_LITERAL_NULL_CONVERSION = YES;
				CLANG_WARN_OBJC_IMPLICIT_RETAIN_SELF = YES;
				CLANG_WARN_OBJC_LITERAL_CONVERSION = YES;
				CLANG_WARN_OBJC_ROOT_CLASS = YES_ERROR;
				CLANG_WARN_RANGE_LOOP_ANALYSIS = YES;
				CLANG_WARN_STRICT_PROTOTYPES = YES;
				CLANG_WARN_SUSPICIOUS_MOVE = YES;
				CLANG_WARN_UNGUARDED_AVAILABILITY = YES_AGGRESSIVE;
				CLANG_WARN_UNREACHABLE_CODE = YES;
				CLANG_WARN__DUPLICATE_METHOD_MATCH = YES;
				CODE_SIGN_IDENTITY = "iPhone Developer";
				COPY_PHASE_STRIP = NO;
				DEBUG_INFORMATION_FORMAT = "dwarf-with-dsym";
				ENABLE_NS_ASSERTIONS = NO;
				ENABLE_STRICT_OBJC_MSGSEND = YES;
				GCC_C_LANGUAGE_STANDARD = gnu11;
				GCC_NO_COMMON_BLOCKS = YES;
				GCC_WARN_64_TO_32_BIT_CONVERSION = YES;
				GCC_WARN_ABOUT_RETURN_TYPE = YES_ERROR;
				GCC_WARN_UNDECLARED_SELECTOR = YES;
				GCC_WARN_UNINITIALIZED_AUTOS = YES_AGGRESSIVE;
				GCC_WARN_UNUSED_FUNCTION = YES;
				GCC_WARN_UNUSED_VARIABLE = YES;
				IPHONEOS_DEPLOYMENT_TARGET = 12.2;
				MTL_ENABLE_DEBUG_INFO = NO;
				MTL_FAST_MATH = YES;
				SDKROOT = iphoneos;
				SWIFT_COMPILATION_MODE = wholemodule;
				SWIFT_OPTIMIZATION_LEVEL = "-O";
				VALIDATE_PRODUCT = YES;
			};
			name = Release;
		};
		0A04ED4522856B7400DC3933 /* Debug */ = {
			isa = XCBuildConfiguration;
			buildSettings = {
				ASSETCATALOG_COMPILER_APPICON_NAME = AppIcon;
				ASSETCATALOG_COMPILER_LAUNCHIMAGE_NAME = LaunchImage;
				CODE_SIGN_STYLE = Automatic;
				INFOPLIST_FILE = DYZB/Info.plist;
				IPHONEOS_DEPLOYMENT_TARGET = 9.0;
				LD_RUNPATH_SEARCH_PATHS = (
					"$(inherited)",
					"@executable_path/Frameworks",
				);
				PRODUCT_BUNDLE_IDENTIFIER = inin.DYZB;
				PRODUCT_NAME = "$(TARGET_NAME)";
				SWIFT_VERSION = 5.0;
				TARGETED_DEVICE_FAMILY = 1;
			};
			name = Debug;
		};
		0A04ED4622856B7400DC3933 /* Release */ = {
			isa = XCBuildConfiguration;
			buildSettings = {
				ASSETCATALOG_COMPILER_APPICON_NAME = AppIcon;
				ASSETCATALOG_COMPILER_LAUNCHIMAGE_NAME = LaunchImage;
				CODE_SIGN_STYLE = Automatic;
				INFOPLIST_FILE = DYZB/Info.plist;
				IPHONEOS_DEPLOYMENT_TARGET = 9.0;
				LD_RUNPATH_SEARCH_PATHS = (
					"$(inherited)",
					"@executable_path/Frameworks",
				);
				PRODUCT_BUNDLE_IDENTIFIER = inin.DYZB;
				PRODUCT_NAME = "$(TARGET_NAME)";
				SWIFT_VERSION = 5.0;
				TARGETED_DEVICE_FAMILY = 1;
			};
			name = Release;
		};
		0A04ED4822856B7400DC3933 /* Debug */ = {
			isa = XCBuildConfiguration;
			buildSettings = {
				ALWAYS_EMBED_SWIFT_STANDARD_LIBRARIES = YES;
				BUNDLE_LOADER = "$(TEST_HOST)";
				CODE_SIGN_STYLE = Automatic;
				INFOPLIST_FILE = DYZBTests/Info.plist;
				LD_RUNPATH_SEARCH_PATHS = (
					"$(inherited)",
					"@executable_path/Frameworks",
					"@loader_path/Frameworks",
				);
				PRODUCT_BUNDLE_IDENTIFIER = inin.DYZBTests;
				PRODUCT_NAME = "$(TARGET_NAME)";
				SWIFT_VERSION = 5.0;
				TARGETED_DEVICE_FAMILY = "1,2";
				TEST_HOST = "$(BUILT_PRODUCTS_DIR)/DYZB.app/DYZB";
			};
			name = Debug;
		};
		0A04ED4922856B7400DC3933 /* Release */ = {
			isa = XCBuildConfiguration;
			buildSettings = {
				ALWAYS_EMBED_SWIFT_STANDARD_LIBRARIES = YES;
				BUNDLE_LOADER = "$(TEST_HOST)";
				CODE_SIGN_STYLE = Automatic;
				INFOPLIST_FILE = DYZBTests/Info.plist;
				LD_RUNPATH_SEARCH_PATHS = (
					"$(inherited)",
					"@executable_path/Frameworks",
					"@loader_path/Frameworks",
				);
				PRODUCT_BUNDLE_IDENTIFIER = inin.DYZBTests;
				PRODUCT_NAME = "$(TARGET_NAME)";
				SWIFT_VERSION = 5.0;
				TARGETED_DEVICE_FAMILY = "1,2";
				TEST_HOST = "$(BUILT_PRODUCTS_DIR)/DYZB.app/DYZB";
			};
			name = Release;
		};
		0A04ED4B22856B7400DC3933 /* Debug */ = {
			isa = XCBuildConfiguration;
			buildSettings = {
				ALWAYS_EMBED_SWIFT_STANDARD_LIBRARIES = YES;
				CODE_SIGN_STYLE = Automatic;
				INFOPLIST_FILE = DYZBUITests/Info.plist;
				LD_RUNPATH_SEARCH_PATHS = (
					"$(inherited)",
					"@executable_path/Frameworks",
					"@loader_path/Frameworks",
				);
				PRODUCT_BUNDLE_IDENTIFIER = inin.DYZBUITests;
				PRODUCT_NAME = "$(TARGET_NAME)";
				SWIFT_VERSION = 5.0;
				TARGETED_DEVICE_FAMILY = "1,2";
				TEST_TARGET_NAME = DYZB;
			};
			name = Debug;
		};
		0A04ED4C22856B7400DC3933 /* Release */ = {
			isa = XCBuildConfiguration;
			buildSettings = {
				ALWAYS_EMBED_SWIFT_STANDARD_LIBRARIES = YES;
				CODE_SIGN_STYLE = Automatic;
				INFOPLIST_FILE = DYZBUITests/Info.plist;
				LD_RUNPATH_SEARCH_PATHS = (
					"$(inherited)",
					"@executable_path/Frameworks",
					"@loader_path/Frameworks",
				);
				PRODUCT_BUNDLE_IDENTIFIER = inin.DYZBUITests;
				PRODUCT_NAME = "$(TARGET_NAME)";
				SWIFT_VERSION = 5.0;
				TARGETED_DEVICE_FAMILY = "1,2";
				TEST_TARGET_NAME = DYZB;
			};
			name = Release;
		};
/* End XCBuildConfiguration section */

/* Begin XCConfigurationList section */
		0A04ED1722856B7300DC3933 /* Build configuration list for PBXProject "DYZB" */ = {
			isa = XCConfigurationList;
			buildConfigurations = (
				0A04ED4222856B7400DC3933 /* Debug */,
				0A04ED4322856B7400DC3933 /* Release */,
			);
			defaultConfigurationIsVisible = 0;
			defaultConfigurationName = Release;
		};
		0A04ED4422856B7400DC3933 /* Build configuration list for PBXNativeTarget "DYZB" */ = {
			isa = XCConfigurationList;
			buildConfigurations = (
				0A04ED4522856B7400DC3933 /* Debug */,
				0A04ED4622856B7400DC3933 /* Release */,
			);
			defaultConfigurationIsVisible = 0;
			defaultConfigurationName = Release;
		};
		0A04ED4722856B7400DC3933 /* Build configuration list for PBXNativeTarget "DYZBTests" */ = {
			isa = XCConfigurationList;
			buildConfigurations = (
				0A04ED4822856B7400DC3933 /* Debug */,
				0A04ED4922856B7400DC3933 /* Release */,
			);
			defaultConfigurationIsVisible = 0;
			defaultConfigurationName = Release;
		};
		0A04ED4A22856B7400DC3933 /* Build configuration list for PBXNativeTarget "DYZBUITests" */ = {
			isa = XCConfigurationList;
			buildConfigurations = (
				0A04ED4B22856B7400DC3933 /* Debug */,
				0A04ED4C22856B7400DC3933 /* Release */,
			);
			defaultConfigurationIsVisible = 0;
			defaultConfigurationName = Release;
		};
/* End XCConfigurationList section */
	};
	rootObject = 0A04ED1422856B7300DC3933 /* Project object */;
}
